
Microsoft Visual Studio Solution File, Format Version 11.00
# Visual Studio 2010
Project("{FAE04EC0-301F-11D3-BF4B-00C04F79EFBC}") = "Cartes So-Lam", "Assembly-CSharp.csproj", "{23C6BDC0-F38E-19C4-00D3-6E795F3661B0}"
EndProject
Project("{FAE04EC0-301F-11D3-BF4B-00C04F79EFBC}") = "Cartes So-Lam", "Assembly-CSharp-Editor.csproj", "{490CBA41-E169-29D0-9830-5B4B2A4A2DF4}"
EndProject
Global
	GlobalSection(SolutionConfigurationPlatforms) = preSolution
		Debug|Any CPU = Debug|Any CPU
		Release|Any CPU = Release|Any CPU
	EndGlobalSection
	GlobalSection(ProjectConfigurationPlatforms) = postSolution
		{23C6BDC0-F38E-19C4-00D3-6E795F3661B0}.Debug|Any CPU.ActiveCfg = Debug|Any CPU
		{23C6BDC0-F38E-19C4-00D3-6E795F3661B0}.Debug|Any CPU.Build.0 = Debug|Any CPU
		{23C6BDC0-F38E-19C4-00D3-6E795F3661B0}.Release|Any CPU.ActiveCfg = Release|Any CPU
		{23C6BDC0-F38E-19C4-00D3-6E795F3661B0}.Release|Any CPU.Build.0 = Release|Any CPU
		{490CBA41-E169-29D0-9830-5B4B2A4A2DF4}.Debug|Any CPU.ActiveCfg = Debug|Any CPU
		{490CBA41-E169-29D0-9830-5B4B2A4A2DF4}.Debug|Any CPU.Build.0 = Debug|Any CPU
		{490CBA41-E169-29D0-9830-5B4B2A4A2DF4}.Release|Any CPU.ActiveCfg = Release|Any CPU
		{490CBA41-E169-29D0-9830-5B4B2A4A2DF4}.Release|Any CPU.Build.0 = Release|Any CPU
	EndGlobalSection
	GlobalSection(SolutionProperties) = preSolution
		HideSolutionNode = FALSE
	EndGlobalSection
	GlobalSection(MonoDevelopProperties) = preSolution
		StartupItem = Assembly-CSharp.csproj
	EndGlobalSection
EndGlobal
